<?xml version="1.0" encoding="utf-8"?>
<Project ToolsVersion="4.0" xmlns="http://schemas.microsoft.com/developer/msbuild/2003">
  <ItemGroup>
    <Filter Include="소스 파일">
      <UniqueIdentifier>{4FC737F1-C7A5-4376-A066-2A32D752A2FF}</UniqueIdentifier>
      <Extensions>cpp;c;cc;cxx;def;odl;idl;hpj;bat;asm;asmx</Extensions>
    </Filter>
    <Filter Include="Server">
      <UniqueIdentifier>{03011279-609e-4513-aa92-5d003fadb244}</UniqueIdentifier>
    </Filter>
    <Filter Include="Packet">
      <UniqueIdentifier>{765a9036-d792-469d-bdaf-dbc0f07b5588}</UniqueIdentifier>
    </Filter>
  </ItemGroup>
  <ItemGroup>
    <ClInclude Include="pch.h">
      <Filter>소스 파일</Filter>
    </ClInclude>
    <ClInclude Include="..\Packet\Packet.h">
      <Filter>Packet</Filter>
    </ClInclude>
    <ClInclude Include="DummySession.h">
      <Filter>Server</Filter>
    </ClInclude>
    <ClInclude Include="DummyServer.h">
      <Filter>Server</Filter>
    </ClInclude>
  </ItemGroup>
  <ItemGroup>
    <ClCompile Include="pch.cpp">
      <Filter>소스 파일</Filter>
    </ClCompile>
    <ClCompile Include="main.cpp">
      <Filter>소스 파일</Filter>
    </ClCompile>
    <ClCompile Include="DummySession.cpp">
      <Filter>Server</Filter>
    </ClCompile>
    <ClCompile Include="DummyServer.cpp">
      <Filter>Server</Filter>
    </ClCompile>
  </ItemGroup>
</Project>