
Microsoft Visual Studio Solution File, Format Version 12.00
# Visual Studio 15
VisualStudioVersion = 15.0.28307.168
MinimumVisualStudioVersion = 10.0.40219.1
Project("{8BC9CEB8-8B4A-11D0-8D11-00A0C91BC942}") = "DummyClient", "DummyClient\DummyClient.vcxproj", "{AD637C59-442F-4518-B703-EE8560538C1A}"
EndProject
Project("{8BC9CEB8-8B4A-11D0-8D11-00A0C91BC942}") = "NetLib", "..\NetLib\NetLib\NetLib.vcxproj", "{B0D985CB-3EF0-4583-8225-3B583FC010D0}"
EndProject
Global
	GlobalSection(SolutionConfigurationPlatforms) = preSolution
		Debug|x64 = Debug|x64
		Debug|x86 = Debug|x86
		Release|x64 = Release|x64
		Release|x86 = Release|x86
	EndGlobalSection
	GlobalSection(ProjectConfigurationPlatforms) = postSolution
		{AD637C59-442F-4518-B703-EE8560538C1A}.Debug|x64.ActiveCfg = Debug|x64
		{AD637C59-442F-4518-B703-EE8560538C1A}.Debug|x64.Build.0 = Debug|x64
		{AD637C59-442F-4518-B703-EE8560538C1A}.Debug|x86.ActiveCfg = Debug|Win32
		{AD637C59-442F-4518-B703-EE8560538C1A}.Debug|x86.Build.0 = Debug|Win32
		{AD637C59-442F-4518-B703-EE8560538C1A}.Release|x64.ActiveCfg = Release|x64
		{AD637C59-442F-4518-B703-EE8560538C1A}.Release|x64.Build.0 = Release|x64
		{AD637C59-442F-4518-B703-EE8560538C1A}.Release|x86.ActiveCfg = Release|Win32
		{AD637C59-442F-4518-B703-EE8560538C1A}.Release|x86.Build.0 = Release|Win32
		{B0D985CB-3EF0-4583-8225-3B583FC010D0}.Debug|x64.ActiveCfg = Debug|x64
		{B0D985CB-3EF0-4583-8225-3B583FC010D0}.Debug|x64.Build.0 = Debug|x64
		{B0D985CB-3EF0-4583-8225-3B583FC010D0}.Debug|x86.ActiveCfg = Debug|Win32
		{B0D985CB-3EF0-4583-8225-3B583FC010D0}.Debug|x86.Build.0 = Debug|Win32
		{B0D985CB-3EF0-4583-8225-3B583FC010D0}.Release|x64.ActiveCfg = Release|x64
		{B0D985CB-3EF0-4583-8225-3B583FC010D0}.Release|x64.Build.0 = Release|x64
		{B0D985CB-3EF0-4583-8225-3B583FC010D0}.Release|x86.ActiveCfg = Release|Win32
		{B0D985CB-3EF0-4583-8225-3B583FC010D0}.Release|x86.Build.0 = Release|Win32
	EndGlobalSection
	GlobalSection(SolutionProperties) = preSolution
		HideSolutionNode = FALSE
	EndGlobalSection
	GlobalSection(ExtensibilityGlobals) = postSolution
		SolutionGuid = {7019FC29-8B56-4AA6-9828-0A21BF5FA67F}
	EndGlobalSection
EndGlobal
